
Microsoft Visual Studio Solution File, Format Version 12.00
# Visual Studio 2013
VisualStudioVersion = 12.0.21005.1
MinimumVisualStudioVersion = 10.0.40219.1
Project("{FAE04EC0-301F-11D3-BF4B-00C04F79EFBC}") = "SportsStore.Domain", "SportsStore.Domain\SportsStore.Domain.csproj", "{94951C97-5A23-441E-8AB5-1355CFCC4137}"
EndProject
Project("{FAE04EC0-301F-11D3-BF4B-00C04F79EFBC}") = "SportsStore.UnitTests", "SportsStore.UnitTests\SportsStore.UnitTests.csproj", "{1A0C9C2E-2F0F-4EAC-94E0-69C029509706}"
EndProject
Project("{FAE04EC0-301F-11D3-BF4B-00C04F79EFBC}") = "SportsStore.WebUI", "SportsStore.WebUI\SportsStore.WebUI.csproj", "{7C0DD8CF-1B65-4BB1-BCCD-11482939AA26}"
EndProject
Global
	GlobalSection(SolutionConfigurationPlatforms) = preSolution
		Debug|Any CPU = Debug|Any CPU
		Release|Any CPU = Release|Any CPU
	EndGlobalSection
	GlobalSection(ProjectConfigurationPlatforms) = postSolution
		{94951C97-5A23-441E-8AB5-1355CFCC4137}.Debug|Any CPU.ActiveCfg = Debug|Any CPU
		{94951C97-5A23-441E-8AB5-1355CFCC4137}.Debug|Any CPU.Build.0 = Debug|Any CPU
		{94951C97-5A23-441E-8AB5-1355CFCC4137}.Release|Any CPU.ActiveCfg = Release|Any CPU
		{94951C97-5A23-441E-8AB5-1355CFCC4137}.Release|Any CPU.Build.0 = Release|Any CPU
		{1A0C9C2E-2F0F-4EAC-94E0-69C029509706}.Debug|Any CPU.ActiveCfg = Debug|Any CPU
		{1A0C9C2E-2F0F-4EAC-94E0-69C029509706}.Debug|Any CPU.Build.0 = Debug|Any CPU
		{1A0C9C2E-2F0F-4EAC-94E0-69C029509706}.Release|Any CPU.ActiveCfg = Release|Any CPU
		{1A0C9C2E-2F0F-4EAC-94E0-69C029509706}.Release|Any CPU.Build.0 = Release|Any CPU
		{7C0DD8CF-1B65-4BB1-BCCD-11482939AA26}.Debug|Any CPU.ActiveCfg = Debug|Any CPU
		{7C0DD8CF-1B65-4BB1-BCCD-11482939AA26}.Debug|Any CPU.Build.0 = Debug|Any CPU
		{7C0DD8CF-1B65-4BB1-BCCD-11482939AA26}.Release|Any CPU.ActiveCfg = Release|Any CPU
		{7C0DD8CF-1B65-4BB1-BCCD-11482939AA26}.Release|Any CPU.Build.0 = Release|Any CPU
	EndGlobalSection
	GlobalSection(SolutionProperties) = preSolution
		HideSolutionNode = FALSE
	EndGlobalSection
EndGlobal
